
Microsoft Visual Studio Solution File, Format Version 12.00
# Visual Studio Version 16
VisualStudioVersion = 16.0.31321.278
MinimumVisualStudioVersion = 10.0.40219.1
Project("{FAE04EC0-301F-11D3-BF4B-00C04F79EFBC}") = "ProDiamante", "ProDiamante\ProDiamante.csproj", "{FA039E69-079D-43FE-9F2E-D323EF058B32}"
EndProject
Global
	GlobalSection(SolutionConfigurationPlatforms) = preSolution
		Debug|Any CPU = Debug|Any CPU
		Release|Any CPU = Release|Any CPU
	EndGlobalSection
	GlobalSection(ProjectConfigurationPlatforms) = postSolution
		{FA039E69-079D-43FE-9F2E-D323EF058B32}.Debug|Any CPU.ActiveCfg = Debug|Any CPU
		{FA039E69-079D-43FE-9F2E-D323EF058B32}.Debug|Any CPU.Build.0 = Debug|Any CPU
		{FA039E69-079D-43FE-9F2E-D323EF058B32}.Release|Any CPU.ActiveCfg = Release|Any CPU
		{FA039E69-079D-43FE-9F2E-D323EF058B32}.Release|Any CPU.Build.0 = Release|Any CPU
	EndGlobalSection
	GlobalSection(SolutionProperties) = preSolution
		HideSolutionNode = FALSE
	EndGlobalSection
	GlobalSection(ExtensibilityGlobals) = postSolution
		SolutionGuid = {8AC329EF-A125-4AC6-8C49-845A42A3673E}
	EndGlobalSection
EndGlobal
